// !$*UTF8*$!
{
	archiveVersion = 1;
	classes = {
	};
	objectVersion = 46;
	objects = {

/* Begin PBXBuildFile section */
		C4DE350D867FEDC626ECDA92 /* Pods_MuzeiOSX.framework in Frameworks */ = {isa = PBXBuildFile; fileRef = 863FA31CA8DC312D0BF93284 /* Pods_MuzeiOSX.framework */; };
		ED271FE21E04351400241BD2 /* AppDelegate.swift in Sources */ = {isa = PBXBuildFile; fileRef = ED271FE11E04351400241BD2 /* AppDelegate.swift */; };
		ED271FE41E04351400241BD2 /* Assets.xcassets in Resources */ = {isa = PBXBuildFile; fileRef = ED271FE31E04351400241BD2 /* Assets.xcassets */; };
		ED271FE71E04351400241BD2 /* MainMenu.xib in Resources */ = {isa = PBXBuildFile; fileRef = ED271FE51E04351400241BD2 /* MainMenu.xib */; };
		ED271FEF1E04467400241BD2 /* MenuController.swift in Sources */ = {isa = PBXBuildFile; fileRef = ED271FEE1E04467400241BD2 /* MenuController.swift */; };
		ED271FF11E04491000241BD2 /* FeaturedArtSource.swift in Sources */ = {isa = PBXBuildFile; fileRef = ED271FF01E04491000241BD2 /* FeaturedArtSource.swift */; };
		ED271FF51E04771000241BD2 /* WPSourceProtocol.swift in Sources */ = {isa = PBXBuildFile; fileRef = ED271FF41E04771000241BD2 /* WPSourceProtocol.swift */; };
		ED271FF71E047ECF00241BD2 /* RedditSource.swift in Sources */ = {isa = PBXBuildFile; fileRef = ED271FF61E047ECF00241BD2 /* RedditSource.swift */; };
		ED3CD2181E0520E7006368FE /* SourceMenuDelegate.swift in Sources */ = {isa = PBXBuildFile; fileRef = ED3CD2171E0520E7006368FE /* SourceMenuDelegate.swift */; };
		ED63F4F61E480BAE00C0264D /* Wallpaper.swift in Sources */ = {isa = PBXBuildFile; fileRef = ED63F4F51E480BAE00C0264D /* Wallpaper.swift */; };
		ED63F4FA1E4919F400C0264D /* Alegreya-BlackItalic.ttf in Resources */ = {isa = PBXBuildFile; fileRef = ED63F4F91E4919F400C0264D /* Alegreya-BlackItalic.ttf */; };
		ED63F4FE1E491ACD00C0264D /* WallpaperWindowController.swift in Sources */ = {isa = PBXBuildFile; fileRef = ED63F4FD1E491ACD00C0264D /* WallpaperWindowController.swift */; };
		ED63F5001E491D5900C0264D /* WallpaperWindow.xib in Resources */ = {isa = PBXBuildFile; fileRef = ED63F4FF1E491D5900C0264D /* WallpaperWindow.xib */; };
		ED63F5021E491EAD00C0264D /* AlegreyaSans-Medium.ttf in Resources */ = {isa = PBXBuildFile; fileRef = ED63F5011E491EAD00C0264D /* AlegreyaSans-Medium.ttf */; };
		ED9008621E067B4100F42AF3 /* WPProcessor.swift in Sources */ = {isa = PBXBuildFile; fileRef = ED9008611E067B4100F42AF3 /* WPProcessor.swift */; };
		ED9B9B901E40DFB700322CA3 /* PreferenceWindow.xib in Resources */ = {isa = PBXBuildFile; fileRef = ED9B9B8F1E40DFB700322CA3 /* PreferenceWindow.xib */; };
		ED9B9B921E40E70A00322CA3 /* PreferenceWindowController.swift in Sources */ = {isa = PBXBuildFile; fileRef = ED9B9B911E40E70A00322CA3 /* PreferenceWindowController.swift */; };
/* End PBXBuildFile section */

/* Begin PBXFileReference section */
		0A1FA76390E44129EB74AD6A /* Pods-MuzeiOSX.debug.xcconfig */ = {isa = PBXFileReference; includeInIndex = 1; lastKnownFileType = text.xcconfig; name = "Pods-MuzeiOSX.debug.xcconfig"; path = "Pods/Target Support Files/Pods-MuzeiOSX/Pods-MuzeiOSX.debug.xcconfig"; sourceTree = "<group>"; };
		573BA1F0ACADB94860E33FAD /* Pods-MuzeiOSX.release.xcconfig */ = {isa = PBXFileReference; includeInIndex = 1; lastKnownFileType = text.xcconfig; name = "Pods-MuzeiOSX.release.xcconfig"; path = "Pods/Target Support Files/Pods-MuzeiOSX/Pods-MuzeiOSX.release.xcconfig"; sourceTree = "<group>"; };
		863FA31CA8DC312D0BF93284 /* Pods_MuzeiOSX.framework */ = {isa = PBXFileReference; explicitFileType = wrapper.framework; includeInIndex = 0; path = Pods_MuzeiOSX.framework; sourceTree = BUILT_PRODUCTS_DIR; };
		ED271FDE1E04351400241BD2 /* MuzeiOSX.app */ = {isa = PBXFileReference; explicitFileType = wrapper.application; includeInIndex = 0; path = MuzeiOSX.app; sourceTree = BUILT_PRODUCTS_DIR; };
		ED271FE11E04351400241BD2 /* AppDelegate.swift */ = {isa = PBXFileReference; lastKnownFileType = sourcecode.swift; path = AppDelegate.swift; sourceTree = "<group>"; };
		ED271FE31E04351400241BD2 /* Assets.xcassets */ = {isa = PBXFileReference; lastKnownFileType = folder.assetcatalog; path = Assets.xcassets; sourceTree = "<group>"; };
		ED271FE61E04351400241BD2 /* Base */ = {isa = PBXFileReference; lastKnownFileType = file.xib; name = Base; path = Base.lproj/MainMenu.xib; sourceTree = "<group>"; };
		ED271FE81E04351400241BD2 /* Info.plist */ = {isa = PBXFileReference; lastKnownFileType = text.plist.xml; path = Info.plist; sourceTree = "<group>"; };
		ED271FEE1E04467400241BD2 /* MenuController.swift */ = {isa = PBXFileReference; fileEncoding = 4; lastKnownFileType = sourcecode.swift; path = MenuController.swift; sourceTree = "<group>"; };
		ED271FF01E04491000241BD2 /* FeaturedArtSource.swift */ = {isa = PBXFileReference; fileEncoding = 4; lastKnownFileType = sourcecode.swift; path = FeaturedArtSource.swift; sourceTree = "<group>"; };
		ED271FF41E04771000241BD2 /* WPSourceProtocol.swift */ = {isa = PBXFileReference; fileEncoding = 4; lastKnownFileType = sourcecode.swift; path = WPSourceProtocol.swift; sourceTree = "<group>"; };
		ED271FF61E047ECF00241BD2 /* RedditSource.swift */ = {isa = PBXFileReference; fileEncoding = 4; lastKnownFileType = sourcecode.swift; path = RedditSource.swift; sourceTree = "<group>"; };
		ED3CD2171E0520E7006368FE /* SourceMenuDelegate.swift */ = {isa = PBXFileReference; fileEncoding = 4; lastKnownFileType = sourcecode.swift; path = SourceMenuDelegate.swift; sourceTree = "<group>"; };
		ED63F4F51E480BAE00C0264D /* Wallpaper.swift */ = {isa = PBXFileReference; fileEncoding = 4; lastKnownFileType = sourcecode.swift; path = Wallpaper.swift; sourceTree = "<group>"; };
		ED63F4F91E4919F400C0264D /* Alegreya-BlackItalic.ttf */ = {isa = PBXFileReference; lastKnownFileType = file; path = "Alegreya-BlackItalic.ttf"; sourceTree = "<group>"; };
		ED63F4FD1E491ACD00C0264D /* WallpaperWindowController.swift */ = {isa = PBXFileReference; fileEncoding = 4; lastKnownFileType = sourcecode.swift; path = WallpaperWindowController.swift; sourceTree = "<group>"; };
		ED63F4FF1E491D5900C0264D /* WallpaperWindow.xib */ = {isa = PBXFileReference; fileEncoding = 4; lastKnownFileType = file.xib; path = WallpaperWindow.xib; sourceTree = "<group>"; };
		ED63F5011E491EAD00C0264D /* AlegreyaSans-Medium.ttf */ = {isa = PBXFileReference; lastKnownFileType = file; path = "AlegreyaSans-Medium.ttf"; sourceTree = "<group>"; };
		ED9008611E067B4100F42AF3 /* WPProcessor.swift */ = {isa = PBXFileReference; fileEncoding = 4; lastKnownFileType = sourcecode.swift; path = WPProcessor.swift; sourceTree = "<group>"; };
		ED9B9B8F1E40DFB700322CA3 /* PreferenceWindow.xib */ = {isa = PBXFileReference; fileEncoding = 4; lastKnownFileType = file.xib; path = PreferenceWindow.xib; sourceTree = "<group>"; };
		ED9B9B911E40E70A00322CA3 /* PreferenceWindowController.swift */ = {isa = PBXFileReference; fileEncoding = 4; lastKnownFileType = sourcecode.swift; path = PreferenceWindowController.swift; sourceTree = "<group>"; };
/* End PBXFileReference section */

/* Begin PBXFrameworksBuildPhase section */
		ED271FDB1E04351400241BD2 /* Frameworks */ = {
			isa = PBXFrameworksBuildPhase;
			buildActionMask = 2147483647;
			files = (
				C4DE350D867FEDC626ECDA92 /* Pods_MuzeiOSX.framework in Frameworks */,
			);
			runOnlyForDeploymentPostprocessing = 0;
		};
/* End PBXFrameworksBuildPhase section */

/* Begin PBXGroup section */
		4F7C29D154CF87E20FD0B645 /* Frameworks */ = {
			isa = PBXGroup;
			children = (
				863FA31CA8DC312D0BF93284 /* Pods_MuzeiOSX.framework */,
			);
			name = Frameworks;
			sourceTree = "<group>";
		};
		DA69F7EC0954EB34C32E071F /* Pods */ = {
			isa = PBXGroup;
			children = (
				0A1FA76390E44129EB74AD6A /* Pods-MuzeiOSX.debug.xcconfig */,
				573BA1F0ACADB94860E33FAD /* Pods-MuzeiOSX.release.xcconfig */,
			);
			name = Pods;
			sourceTree = "<group>";
		};
		ED271FD51E04351400241BD2 = {
			isa = PBXGroup;
			children = (
				ED271FE01E04351400241BD2 /* MuzeiOSX */,
				ED271FDF1E04351400241BD2 /* Products */,
				DA69F7EC0954EB34C32E071F /* Pods */,
				4F7C29D154CF87E20FD0B645 /* Frameworks */,
			);
			sourceTree = "<group>";
		};
		ED271FDF1E04351400241BD2 /* Products */ = {
			isa = PBXGroup;
			children = (
				ED271FDE1E04351400241BD2 /* MuzeiOSX.app */,
			);
			name = Products;
			sourceTree = "<group>";
		};
		ED271FE01E04351400241BD2 /* MuzeiOSX */ = {
			isa = PBXGroup;
			children = (
				ED63F5011E491EAD00C0264D /* AlegreyaSans-Medium.ttf */,
				ED63F4F91E4919F400C0264D /* Alegreya-BlackItalic.ttf */,
				ED271FE11E04351400241BD2 /* AppDelegate.swift */,
				ED271FE31E04351400241BD2 /* Assets.xcassets */,
				ED271FE51E04351400241BD2 /* MainMenu.xib */,
				ED271FE81E04351400241BD2 /* Info.plist */,
				ED271FEE1E04467400241BD2 /* MenuController.swift */,
				ED271FF01E04491000241BD2 /* FeaturedArtSource.swift */,
				ED271FF41E04771000241BD2 /* WPSourceProtocol.swift */,
				ED271FF61E047ECF00241BD2 /* RedditSource.swift */,
				ED3CD2171E0520E7006368FE /* SourceMenuDelegate.swift */,
				ED9008611E067B4100F42AF3 /* WPProcessor.swift */,
				ED9B9B8F1E40DFB700322CA3 /* PreferenceWindow.xib */,
				ED9B9B911E40E70A00322CA3 /* PreferenceWindowController.swift */,
				ED63F4F51E480BAE00C0264D /* Wallpaper.swift */,
				ED63F4FD1E491ACD00C0264D /* WallpaperWindowController.swift */,
				ED63F4FF1E491D5900C0264D /* WallpaperWindow.xib */,
			);
			path = MuzeiOSX;
			sourceTree = "<group>";
		};
/* End PBXGroup section */

/* Begin PBXNativeTarget section */
		ED271FDD1E04351400241BD2 /* MuzeiOSX */ = {
			isa = PBXNativeTarget;
			buildConfigurationList = ED271FEB1E04351400241BD2 /* Build configuration list for PBXNativeTarget "MuzeiOSX" */;
			buildPhases = (
				BEF8822435DCAB574A530B6C /* [CP] Check Pods Manifest.lock */,
				ED271FDA1E04351400241BD2 /* Sources */,
				ED271FDB1E04351400241BD2 /* Frameworks */,
				ED271FDC1E04351400241BD2 /* Resources */,
				16151BA32C1D06E092F4F4FB /* [CP] Embed Pods Frameworks */,
				1BF3CFAA058E72904C3C7C0E /* [CP] Copy Pods Resources */,
			);
			buildRules = (
			);
			dependencies = (
			);
			name = MuzeiOSX;
			productName = MuzeiOSX;
			productReference = ED271FDE1E04351400241BD2 /* MuzeiOSX.app */;
			productType = "com.apple.product-type.application";
		};
/* End PBXNativeTarget section */

/* Begin PBXProject section */
		ED271FD61E04351400241BD2 /* Project object */ = {
			isa = PBXProject;
			attributes = {
				LastSwiftUpdateCheck = 0720;
				LastUpgradeCheck = 0720;
				ORGANIZATIONNAME = naman14;
				TargetAttributes = {
					ED271FDD1E04351400241BD2 = {
						CreatedOnToolsVersion = 7.2;
						LastSwiftMigration = 0820;
					};
				};
			};
			buildConfigurationList = ED271FD91E04351400241BD2 /* Build configuration list for PBXProject "MuzeiOSX" */;
			compatibilityVersion = "Xcode 3.2";
			developmentRegion = English;
			hasScannedForEncodings = 0;
			knownRegions = (
				en,
				Base,
			);
			mainGroup = ED271FD51E04351400241BD2;
			productRefGroup = ED271FDF1E04351400241BD2 /* Products */;
			projectDirPath = "";
			projectRoot = "";
			targets = (
				ED271FDD1E04351400241BD2 /* MuzeiOSX */,
			);
		};
/* End PBXProject section */

/* Begin PBXResourcesBuildPhase section */
		ED271FDC1E04351400241BD2 /* Resources */ = {
			isa = PBXResourcesBuildPhase;
			buildActionMask = 2147483647;
			files = (
				ED271FE41E04351400241BD2 /* Assets.xcassets in Resources */,
				ED63F5001E491D5900C0264D /* WallpaperWindow.xib in Resources */,
				ED63F5021E491EAD00C0264D /* AlegreyaSans-Medium.ttf in Resources */,
				ED9B9B901E40DFB700322CA3 /* PreferenceWindow.xib in Resources */,
				ED63F4FA1E4919F400C0264D /* Alegreya-BlackItalic.ttf in Resources */,
				ED271FE71E04351400241BD2 /* MainMenu.xib in Resources */,
			);
			runOnlyForDeploymentPostprocessing = 0;
		};
/* End PBXResourcesBuildPhase section */

/* Begin PBXShellScriptBuildPhase section */
		16151BA32C1D06E092F4F4FB /* [CP] Embed Pods Frameworks */ = {
			isa = PBXShellScriptBuildPhase;
			buildActionMask = 2147483647;
			files = (
			);
			inputPaths = (
			);
			name = "[CP] Embed Pods Frameworks";
			outputPaths = (
			);
			runOnlyForDeploymentPostprocessing = 0;
			shellPath = /bin/sh;
			shellScript = "\"${SRCROOT}/Pods/Target Support Files/Pods-MuzeiOSX/Pods-MuzeiOSX-frameworks.sh\"\n";
			showEnvVarsInLog = 0;
		};
		1BF3CFAA058E72904C3C7C0E /* [CP] Copy Pods Resources */ = {
			isa = PBXShellScriptBuildPhase;
			buildActionMask = 2147483647;
			files = (
			);
			inputPaths = (
			);
			name = "[CP] Copy Pods Resources";
			outputPaths = (
			);
			runOnlyForDeploymentPostprocessing = 0;
			shellPath = /bin/sh;
			shellScript = "\"${SRCROOT}/Pods/Target Support Files/Pods-MuzeiOSX/Pods-MuzeiOSX-resources.sh\"\n";
			showEnvVarsInLog = 0;
		};
		BEF8822435DCAB574A530B6C /* [CP] Check Pods Manifest.lock */ = {
			isa = PBXShellScriptBuildPhase;
			buildActionMask = 2147483647;
			files = (
			);
			inputPaths = (
			);
			name = "[CP] Check Pods Manifest.lock";
			outputPaths = (
			);
			runOnlyForDeploymentPostprocessing = 0;
			shellPath = /bin/sh;
			shellScript = "diff \"${PODS_ROOT}/../Podfile.lock\" \"${PODS_ROOT}/Manifest.lock\" > /dev/null\nif [ $? != 0 ] ; then\n    # print error to STDERR\n    echo \"error: The sandbox is not in sync with the Podfile.lock. Run 'pod install' or update your CocoaPods installation.\" >&2\n    exit 1\nfi\n";
			showEnvVarsInLog = 0;
		};
/* End PBXShellScriptBuildPhase section */

/* Begin PBXSourcesBuildPhase section */
		ED271FDA1E04351400241BD2 /* Sources */ = {
			isa = PBXSourcesBuildPhase;
			buildActionMask = 2147483647;
			files = (
				ED9008621E067B4100F42AF3 /* WPProcessor.swift in Sources */,
				ED63F4F61E480BAE00C0264D /* Wallpaper.swift in Sources */,
				ED3CD2181E0520E7006368FE /* SourceMenuDelegate.swift in Sources */,
				ED271FEF1E04467400241BD2 /* MenuController.swift in Sources */,
				ED271FF11E04491000241BD2 /* FeaturedArtSource.swift in Sources */,
				ED9B9B921E40E70A00322CA3 /* PreferenceWindowController.swift in Sources */,
				ED63F4FE1E491ACD00C0264D /* WallpaperWindowController.swift in Sources */,
				ED271FE21E04351400241BD2 /* AppDelegate.swift in Sources */,
				ED271FF51E04771000241BD2 /* WPSourceProtocol.swift in Sources */,
				ED271FF71E047ECF00241BD2 /* RedditSource.swift in Sources */,
			);
			runOnlyForDeploymentPostprocessing = 0;
		};
/* End PBXSourcesBuildPhase section */

/* Begin PBXVariantGroup section */
		ED271FE51E04351400241BD2 /* MainMenu.xib */ = {
			isa = PBXVariantGroup;
			children = (
				ED271FE61E04351400241BD2 /* Base */,
			);
			name = MainMenu.xib;
			sourceTree = "<group>";
		};
/* End PBXVariantGroup section */

/* Begin XCBuildConfiguration section */
		ED271FE91E04351400241BD2 /* Debug */ = {
			isa = XCBuildConfiguration;
			buildSettings = {
				ALWAYS_SEARCH_USER_PATHS = NO;
				CLANG_CXX_LANGUAGE_STANDARD = "gnu++0x";
				CLANG_CXX_LIBRARY = "libc++";
				CLANG_ENABLE_MODULES = YES;
				CLANG_ENABLE_OBJC_ARC = YES;
				CLANG_WARN_BOOL_CONVERSION = YES;
				CLANG_WARN_CONSTANT_CONVERSION = YES;
				CLANG_WARN_DIRECT_OBJC_ISA_USAGE = YES_ERROR;
				CLANG_WARN_EMPTY_BODY = YES;
				CLANG_WARN_ENUM_CONVERSION = YES;
				CLANG_WARN_INT_CONVERSION = YES;
				CLANG_WARN_OBJC_ROOT_CLASS = YES_ERROR;
				CLANG_WARN_UNREACHABLE_CODE = YES;
				CLANG_WARN__DUPLICATE_METHOD_MATCH = YES;
				CODE_SIGN_IDENTITY = "-";
				COPY_PHASE_STRIP = NO;
				DEBUG_INFORMATION_FORMAT = dwarf;
				ENABLE_STRICT_OBJC_MSGSEND = YES;
				ENABLE_TESTABILITY = YES;
				GCC_C_LANGUAGE_STANDARD = gnu99;
				GCC_DYNAMIC_NO_PIC = NO;
				GCC_NO_COMMON_BLOCKS = YES;
				GCC_OPTIMIZATION_LEVEL = 0;
				GCC_PREPROCESSOR_DEFINITIONS = (
					"DEBUG=1",
					"$(inherited)",
				);
				GCC_WARN_64_TO_32_BIT_CONVERSION = YES;
				GCC_WARN_ABOUT_RETURN_TYPE = YES_ERROR;
				GCC_WARN_UNDECLARED_SELECTOR = YES;
				GCC_WARN_UNINITIALIZED_AUTOS = YES_AGGRESSIVE;
				GCC_WARN_UNUSED_FUNCTION = YES;
				GCC_WARN_UNUSED_VARIABLE = YES;
				MACOSX_DEPLOYMENT_TARGET = 10.11;
				MTL_ENABLE_DEBUG_INFO = YES;
				ONLY_ACTIVE_ARCH = YES;
				SDKROOT = macosx;
				SWIFT_OPTIMIZATION_LEVEL = "-Onone";
			};
			name = Debug;
		};
		ED271FEA1E04351400241BD2 /* Release */ = {
			isa = XCBuildConfiguration;
			buildSettings = {
				ALWAYS_SEARCH_USER_PATHS = NO;
				CLANG_CXX_LANGUAGE_STANDARD = "gnu++0x";
				CLANG_CXX_LIBRARY = "libc++";
				CLANG_ENABLE_MODULES = YES;
				CLANG_ENABLE_OBJC_ARC = YES;
				CLANG_WARN_BOOL_CONVERSION = YES;
				CLANG_WARN_CONSTANT_CONVERSION = YES;
				CLANG_WARN_DIRECT_OBJC_ISA_USAGE = YES_ERROR;
				CLANG_WARN_EMPTY_BODY = YES;
				CLANG_WARN_ENUM_CONVERSION = YES;
				CLANG_WARN_INT_CONVERSION = YES;
				CLANG_WARN_OBJC_ROOT_CLASS = YES_ERROR;
				CLANG_WARN_UNREACHABLE_CODE = YES;
				CLANG_WARN__DUPLICATE_METHOD_MATCH = YES;
				CODE_SIGN_IDENTITY = "-";
				COPY_PHASE_STRIP = NO;
				DEBUG_INFORMATION_FORMAT = "dwarf-with-dsym";
				ENABLE_NS_ASSERTIONS = NO;
				ENABLE_STRICT_OBJC_MSGSEND = YES;
				GCC_C_LANGUAGE_STANDARD = gnu99;
				GCC_NO_COMMON_BLOCKS = YES;
				GCC_WARN_64_TO_32_BIT_CONVERSION = YES;
				GCC_WARN_ABOUT_RETURN_TYPE = YES_ERROR;
				GCC_WARN_UNDECLARED_SELECTOR = YES;
				GCC_WARN_UNINITIALIZED_AUTOS = YES_AGGRESSIVE;
				GCC_WARN_UNUSED_FUNCTION = YES;
				GCC_WARN_UNUSED_VARIABLE = YES;
				MACOSX_DEPLOYMENT_TARGET = 10.11;
				MTL_ENABLE_DEBUG_INFO = NO;
				SDKROOT = macosx;
			};
			name = Release;
		};
		ED271FEC1E04351400241BD2 /* Debug */ = {
			isa = XCBuildConfiguration;
			baseConfigurationReference = 0A1FA76390E44129EB74AD6A /* Pods-MuzeiOSX.debug.xcconfig */;
			buildSettings = {
				ASSETCATALOG_COMPILER_APPICON_NAME = AppIcon;
				COMBINE_HIDPI_IMAGES = YES;
				INFOPLIST_FILE = MuzeiOSX/Info.plist;
				LD_RUNPATH_SEARCH_PATHS = "$(inherited) @executable_path/../Frameworks";
				PRODUCT_BUNDLE_IDENTIFIER = com.naman14.MuzeiOSX;
				PRODUCT_NAME = "$(TARGET_NAME)";
				SWIFT_VERSION = 3.0;
			};
			name = Debug;
		};
		ED271FED1E04351400241BD2 /* Release */ = {
			isa = XCBuildConfiguration;
			baseConfigurationReference = 573BA1F0ACADB94860E33FAD /* Pods-MuzeiOSX.release.xcconfig */;
			buildSettings = {
				ASSETCATALOG_COMPILER_APPICON_NAME = AppIcon;
				COMBINE_HIDPI_IMAGES = YES;
				INFOPLIST_FILE = MuzeiOSX/Info.plist;
				LD_RUNPATH_SEARCH_PATHS = "$(inherited) @executable_path/../Frameworks";
				PRODUCT_BUNDLE_IDENTIFIER = com.naman14.MuzeiOSX;
				PRODUCT_NAME = "$(TARGET_NAME)";
				SWIFT_VERSION = 3.0;
			};
			name = Release;
		};
/* End XCBuildConfiguration section */

/* Begin XCConfigurationList section */
		ED271FD91E04351400241BD2 /* Build configuration list for PBXProject "MuzeiOSX" */ = {
			isa = XCConfigurationList;
			buildConfigurations = (
				ED271FE91E04351400241BD2 /* Debug */,
				ED271FEA1E04351400241BD2 /* Release */,
			);
			defaultConfigurationIsVisible = 0;
			defaultConfigurationName = Release;
		};
		ED271FEB1E04351400241BD2 /* Build configuration list for PBXNativeTarget "MuzeiOSX" */ = {
			isa = XCConfigurationList;
			buildConfigurations = (
				ED271FEC1E04351400241BD2 /* Debug */,
				ED271FED1E04351400241BD2 /* Release */,
			);
			defaultConfigurationIsVisible = 0;
			defaultConfigurationName = Release;
		};
/* End XCConfigurationList section */
	};
	rootObject = ED271FD61E04351400241BD2 /* Project object */;
}
